
Microsoft Visual Studio Solution File, Format Version 12.00
# Visual Studio Version 17
VisualStudioVersion = 17.14.36408.4
MinimumVisualStudioVersion = 10.0.40219.1
Project("{FAE04EC0-301F-11D3-BF4B-00C04F79EFBC}") = "Checkout.Kata.ServiceInterfaces", "ServiceInterfaces\Checkout.Kata.ServiceInterfaces\Checkout.Kata.ServiceInterfaces.csproj", "{B7BEC5A2-4C75-4234-8D51-27499F209037}"
EndProject
Project("{2150E333-8FDC-42A3-9474-1A3956D46DE8}") = "Interfaces", "Interfaces", "{02EA681E-C7D8-13C7-8484-4AC65E1B71E8}"
EndProject
Project("{FAE04EC0-301F-11D3-BF4B-00C04F79EFBC}") = "Checkout.Kata.UnitTest", "UnitTest\Checkout.Kata.UnitTest\Checkout.Kata.UnitTest.csproj", "{3FB3164B-DB4F-416C-ADCE-AD80A87612BC}"
EndProject
Project("{2150E333-8FDC-42A3-9474-1A3956D46DE8}") = "UnitTest", "UnitTest", "{FBFC3DF4-5F1F-4EA0-BD49-CF5336340A10}"
EndProject
Project("{FAE04EC0-301F-11D3-BF4B-00C04F79EFBC}") = "Checkout.Kata.Services", "Services\Checkout.Kata.Services\Checkout.Kata.Services.csproj", "{EA2ADE41-EEA1-4A26-921B-772465FDBE3F}"
EndProject
Project("{2150E333-8FDC-42A3-9474-1A3956D46DE8}") = "Services", "Services", "{74BC78AE-5FE6-42FC-AFD4-EB499646CBF2}"
EndProject
Project("{FAE04EC0-301F-11D3-BF4B-00C04F79EFBC}") = "Checkout.Kata.Rules", "Rules\Checkout.Kata.Rules\Checkout.Kata.Rules.csproj", "{094567CF-89F6-4EA8-9EBB-0CEB85F85DB9}"
EndProject
Project("{2150E333-8FDC-42A3-9474-1A3956D46DE8}") = "Rules", "Rules", "{BA8D8238-92FE-42DD-90D8-55EF63EA0C7B}"
EndProject
Global
	GlobalSection(SolutionConfigurationPlatforms) = preSolution
		Debug|Any CPU = Debug|Any CPU
		Release|Any CPU = Release|Any CPU
	EndGlobalSection
	GlobalSection(ProjectConfigurationPlatforms) = postSolution
		{B7BEC5A2-4C75-4234-8D51-27499F209037}.Debug|Any CPU.ActiveCfg = Debug|Any CPU
		{B7BEC5A2-4C75-4234-8D51-27499F209037}.Debug|Any CPU.Build.0 = Debug|Any CPU
		{B7BEC5A2-4C75-4234-8D51-27499F209037}.Release|Any CPU.ActiveCfg = Release|Any CPU
		{B7BEC5A2-4C75-4234-8D51-27499F209037}.Release|Any CPU.Build.0 = Release|Any CPU
		{3FB3164B-DB4F-416C-ADCE-AD80A87612BC}.Debug|Any CPU.ActiveCfg = Debug|Any CPU
		{3FB3164B-DB4F-416C-ADCE-AD80A87612BC}.Debug|Any CPU.Build.0 = Debug|Any CPU
		{3FB3164B-DB4F-416C-ADCE-AD80A87612BC}.Release|Any CPU.ActiveCfg = Release|Any CPU
		{3FB3164B-DB4F-416C-ADCE-AD80A87612BC}.Release|Any CPU.Build.0 = Release|Any CPU
		{EA2ADE41-EEA1-4A26-921B-772465FDBE3F}.Debug|Any CPU.ActiveCfg = Debug|Any CPU
		{EA2ADE41-EEA1-4A26-921B-772465FDBE3F}.Debug|Any CPU.Build.0 = Debug|Any CPU
		{EA2ADE41-EEA1-4A26-921B-772465FDBE3F}.Release|Any CPU.ActiveCfg = Release|Any CPU
		{EA2ADE41-EEA1-4A26-921B-772465FDBE3F}.Release|Any CPU.Build.0 = Release|Any CPU
		{094567CF-89F6-4EA8-9EBB-0CEB85F85DB9}.Debug|Any CPU.ActiveCfg = Debug|Any CPU
		{094567CF-89F6-4EA8-9EBB-0CEB85F85DB9}.Debug|Any CPU.Build.0 = Debug|Any CPU
		{094567CF-89F6-4EA8-9EBB-0CEB85F85DB9}.Release|Any CPU.ActiveCfg = Release|Any CPU
		{094567CF-89F6-4EA8-9EBB-0CEB85F85DB9}.Release|Any CPU.Build.0 = Release|Any CPU
	EndGlobalSection
	GlobalSection(SolutionProperties) = preSolution
		HideSolutionNode = FALSE
	EndGlobalSection
	GlobalSection(NestedProjects) = preSolution
		{B7BEC5A2-4C75-4234-8D51-27499F209037} = {02EA681E-C7D8-13C7-8484-4AC65E1B71E8}
		{3FB3164B-DB4F-416C-ADCE-AD80A87612BC} = {FBFC3DF4-5F1F-4EA0-BD49-CF5336340A10}
		{EA2ADE41-EEA1-4A26-921B-772465FDBE3F} = {74BC78AE-5FE6-42FC-AFD4-EB499646CBF2}
		{094567CF-89F6-4EA8-9EBB-0CEB85F85DB9} = {BA8D8238-92FE-42DD-90D8-55EF63EA0C7B}
	EndGlobalSection
	GlobalSection(ExtensibilityGlobals) = postSolution
		SolutionGuid = {3114EECC-2164-4130-A003-988585A84FDD}
	EndGlobalSection
EndGlobal
